
Microsoft Visual Studio Solution File, Format Version 12.00
Project("{FAE04EC0-301F-11D3-BF4B-00C04F79EFBC}") = "Ns.CodeGen", "src\Ns.CodeGen\Ns.CodeGen.csproj", "{E1795C5F-77D0-43A2-BE2E-04CB9086E59F}"
EndProject
Project("{2150E333-8FDC-42A3-9474-1A3956D46DE8}") = "Test", "Test", "{C9DA6728-C686-40F6-A37E-33490A6868FF}"
EndProject
Project("{FAE04EC0-301F-11D3-BF4B-00C04F79EFBC}") = "Ns.CodeGen.Tests", "test\Ns.CodeGen.Tests\Ns.CodeGen.Tests.csproj", "{887DC450-5F36-4262-884B-86C0E2BC4B3F}"
EndProject
Project("{2150E333-8FDC-42A3-9474-1A3956D46DE8}") = "Build", "Build", "{92371290-F55A-4FD4-8332-FBD8D1CFDCD7}"
	ProjectSection(SolutionItems) = preProject
		.github\workflows\dotnet.yml = .github\workflows\dotnet.yml
	EndProjectSection
EndProject
Global
	GlobalSection(SolutionConfigurationPlatforms) = preSolution
		Debug|Any CPU = Debug|Any CPU
		Release|Any CPU = Release|Any CPU
	EndGlobalSection
	GlobalSection(ProjectConfigurationPlatforms) = postSolution
		{E1795C5F-77D0-43A2-BE2E-04CB9086E59F}.Debug|Any CPU.ActiveCfg = Debug|Any CPU
		{E1795C5F-77D0-43A2-BE2E-04CB9086E59F}.Debug|Any CPU.Build.0 = Debug|Any CPU
		{E1795C5F-77D0-43A2-BE2E-04CB9086E59F}.Release|Any CPU.ActiveCfg = Release|Any CPU
		{E1795C5F-77D0-43A2-BE2E-04CB9086E59F}.Release|Any CPU.Build.0 = Release|Any CPU
		{887DC450-5F36-4262-884B-86C0E2BC4B3F}.Debug|Any CPU.ActiveCfg = Debug|Any CPU
		{887DC450-5F36-4262-884B-86C0E2BC4B3F}.Debug|Any CPU.Build.0 = Debug|Any CPU
		{887DC450-5F36-4262-884B-86C0E2BC4B3F}.Release|Any CPU.ActiveCfg = Release|Any CPU
		{887DC450-5F36-4262-884B-86C0E2BC4B3F}.Release|Any CPU.Build.0 = Release|Any CPU
	EndGlobalSection
	GlobalSection(NestedProjects) = preSolution
		{887DC450-5F36-4262-884B-86C0E2BC4B3F} = {C9DA6728-C686-40F6-A37E-33490A6868FF}
	EndGlobalSection
EndGlobal
